// !$*UTF8*$!
{
	archiveVersion = 1;
	classes = {
	};
	objectVersion = 56;
	objects = {

/* Begin PBXBuildFile section */
		0B229F82296D3411005DECC1 /* HiddenClassroomView.swift in Sources */ = {isa = PBXBuildFile; fileRef = 0B229F81296D3411005DECC1 /* HiddenClassroomView.swift */; };
		0B229F84296D3A32005DECC1 /* HiddenAssignmentView.swift in Sources */ = {isa = PBXBuildFile; fileRef = 0B229F83296D3A32005DECC1 /* HiddenAssignmentView.swift */; };
		0B229F86296D3DDB005DECC1 /* LoadingView.swift in Sources */ = {isa = PBXBuildFile; fileRef = 0B229F85296D3DDB005DECC1 /* LoadingView.swift */; };
		0B2BEBD3297F89A700E19E3B /* GoogleBannerAdView.swift in Sources */ = {isa = PBXBuildFile; fileRef = 0B2BEBD2297F89A700E19E3B /* GoogleBannerAdView.swift */; };
		0BBDBB3C2941752F00EB94C6 /* Classroom.swift in Sources */ = {isa = PBXBuildFile; fileRef = 0BBDBB3B2941752F00EB94C6 /* Classroom.swift */; };
		0BD150E82940485400256154 /* LinkeApp.swift in Sources */ = {isa = PBXBuildFile; fileRef = 0BD150E72940485400256154 /* LinkeApp.swift */; };
		0BD150EA2940485400256154 /* ContentView.swift in Sources */ = {isa = PBXBuildFile; fileRef = 0BD150E92940485400256154 /* ContentView.swift */; };
		0BD150EC2940485700256154 /* Assets.xcassets in Resources */ = {isa = PBXBuildFile; fileRef = 0BD150EB2940485700256154 /* Assets.xcassets */; };
		0BD150EF2940485700256154 /* Preview Assets.xcassets in Resources */ = {isa = PBXBuildFile; fileRef = 0BD150EE2940485700256154 /* Preview Assets.xcassets */; };
		0BD150FB29406B9D00256154 /* GoogleSignInView.swift in Sources */ = {isa = PBXBuildFile; fileRef = 0BD150FA29406B9D00256154 /* GoogleSignInView.swift */; };
		0BD150FD29406C0C00256154 /* ViewRouter.swift in Sources */ = {isa = PBXBuildFile; fileRef = 0BD150FC29406C0C00256154 /* ViewRouter.swift */; };
		0BD150FF29406C6400256154 /* ReminderAccessView.swift in Sources */ = {isa = PBXBuildFile; fileRef = 0BD150FE29406C6400256154 /* ReminderAccessView.swift */; };
		0BD151032940739E00256154 /* HomeView.swift in Sources */ = {isa = PBXBuildFile; fileRef = 0BD151022940739E00256154 /* HomeView.swift */; };
		0BD151052940820A00256154 /* ClassroomAPI.swift in Sources */ = {isa = PBXBuildFile; fileRef = 0BD151042940820A00256154 /* ClassroomAPI.swift */; };
		0BD7D42029431B11000393A5 /* Assignment.swift in Sources */ = {isa = PBXBuildFile; fileRef = 0BD7D41F29431B11000393A5 /* Assignment.swift */; };
		0BD7D4222944449F000393A5 /* ClassroomView.swift in Sources */ = {isa = PBXBuildFile; fileRef = 0BD7D4212944449F000393A5 /* ClassroomView.swift */; };
		CA7DDE6D54A9E36332B4211E /* libPods-Linke.a in Frameworks */ = {isa = PBXBuildFile; fileRef = EB452289B1D264AADDF6BE08 /* libPods-Linke.a */; };
/* End PBXBuildFile section */

/* Begin PBXCopyFilesBuildPhase section */
		0B229F7D296D1F69005DECC1 /* Embed Foundation Extensions */ = {
			isa = PBXCopyFilesBuildPhase;
			buildActionMask = 8;
			dstPath = "";
			dstSubfolderSpec = 13;
			files = (
			);
			name = "Embed Foundation Extensions";
			runOnlyForDeploymentPostprocessing = 1;
		};
/* End PBXCopyFilesBuildPhase section */

/* Begin PBXFileReference section */
		0B229F69296D1F67005DECC1 /* WidgetKit.framework */ = {isa = PBXFileReference; lastKnownFileType = wrapper.framework; name = WidgetKit.framework; path = System/Library/Frameworks/WidgetKit.framework; sourceTree = SDKROOT; };
		0B229F6B296D1F67005DECC1 /* SwiftUI.framework */ = {isa = PBXFileReference; lastKnownFileType = wrapper.framework; name = SwiftUI.framework; path = System/Library/Frameworks/SwiftUI.framework; sourceTree = SDKROOT; };
		0B229F81296D3411005DECC1 /* HiddenClassroomView.swift */ = {isa = PBXFileReference; lastKnownFileType = sourcecode.swift; path = HiddenClassroomView.swift; sourceTree = "<group>"; };
		0B229F83296D3A32005DECC1 /* HiddenAssignmentView.swift */ = {isa = PBXFileReference; lastKnownFileType = sourcecode.swift; path = HiddenAssignmentView.swift; sourceTree = "<group>"; };
		0B229F85296D3DDB005DECC1 /* LoadingView.swift */ = {isa = PBXFileReference; lastKnownFileType = sourcecode.swift; path = LoadingView.swift; sourceTree = "<group>"; };
		0B2BEBD2297F89A700E19E3B /* GoogleBannerAdView.swift */ = {isa = PBXFileReference; lastKnownFileType = sourcecode.swift; path = GoogleBannerAdView.swift; sourceTree = "<group>"; };
		0BBDBB3B2941752F00EB94C6 /* Classroom.swift */ = {isa = PBXFileReference; lastKnownFileType = sourcecode.swift; path = Classroom.swift; sourceTree = "<group>"; };
		0BD150E42940485400256154 /* Linke.app */ = {isa = PBXFileReference; explicitFileType = wrapper.application; includeInIndex = 0; path = Linke.app; sourceTree = BUILT_PRODUCTS_DIR; };
		0BD150E72940485400256154 /* LinkeApp.swift */ = {isa = PBXFileReference; lastKnownFileType = sourcecode.swift; path = LinkeApp.swift; sourceTree = "<group>"; };
		0BD150E92940485400256154 /* ContentView.swift */ = {isa = PBXFileReference; lastKnownFileType = sourcecode.swift; path = ContentView.swift; sourceTree = "<group>"; };
		0BD150EB2940485700256154 /* Assets.xcassets */ = {isa = PBXFileReference; lastKnownFileType = folder.assetcatalog; path = Assets.xcassets; sourceTree = "<group>"; };
		0BD150EE2940485700256154 /* Preview Assets.xcassets */ = {isa = PBXFileReference; lastKnownFileType = folder.assetcatalog; path = "Preview Assets.xcassets"; sourceTree = "<group>"; };
		0BD150FA29406B9D00256154 /* GoogleSignInView.swift */ = {isa = PBXFileReference; lastKnownFileType = sourcecode.swift; path = GoogleSignInView.swift; sourceTree = "<group>"; };
		0BD150FC29406C0C00256154 /* ViewRouter.swift */ = {isa = PBXFileReference; lastKnownFileType = sourcecode.swift; path = ViewRouter.swift; sourceTree = "<group>"; };
		0BD150FE29406C6400256154 /* ReminderAccessView.swift */ = {isa = PBXFileReference; lastKnownFileType = sourcecode.swift; path = ReminderAccessView.swift; sourceTree = "<group>"; };
		0BD1510029406FDC00256154 /* Info.plist */ = {isa = PBXFileReference; lastKnownFileType = text.plist; path = Info.plist; sourceTree = "<group>"; };
		0BD151022940739E00256154 /* HomeView.swift */ = {isa = PBXFileReference; lastKnownFileType = sourcecode.swift; path = HomeView.swift; sourceTree = "<group>"; };
		0BD151042940820A00256154 /* ClassroomAPI.swift */ = {isa = PBXFileReference; lastKnownFileType = sourcecode.swift; path = ClassroomAPI.swift; sourceTree = "<group>"; };
		0BD7D41F29431B11000393A5 /* Assignment.swift */ = {isa = PBXFileReference; lastKnownFileType = sourcecode.swift; path = Assignment.swift; sourceTree = "<group>"; };
		0BD7D4212944449F000393A5 /* ClassroomView.swift */ = {isa = PBXFileReference; lastKnownFileType = sourcecode.swift; path = ClassroomView.swift; sourceTree = "<group>"; };
		0C385047D38C5108BCEBB58F /* Pods-Linker.debug.xcconfig */ = {isa = PBXFileReference; includeInIndex = 1; lastKnownFileType = text.xcconfig; name = "Pods-Linker.debug.xcconfig"; path = "Target Support Files/Pods-Linker/Pods-Linker.debug.xcconfig"; sourceTree = "<group>"; };
		4C9FB0EC32096DA4D8305673 /* Pods-Linke.release.xcconfig */ = {isa = PBXFileReference; includeInIndex = 1; lastKnownFileType = text.xcconfig; name = "Pods-Linke.release.xcconfig"; path = "Target Support Files/Pods-Linke/Pods-Linke.release.xcconfig"; sourceTree = "<group>"; };
		A41E2733CAF317B060BC406E /* Pods-Linker.release.xcconfig */ = {isa = PBXFileReference; includeInIndex = 1; lastKnownFileType = text.xcconfig; name = "Pods-Linker.release.xcconfig"; path = "Target Support Files/Pods-Linker/Pods-Linker.release.xcconfig"; sourceTree = "<group>"; };
		EB452289B1D264AADDF6BE08 /* libPods-Linke.a */ = {isa = PBXFileReference; explicitFileType = archive.ar; includeInIndex = 0; path = "libPods-Linke.a"; sourceTree = BUILT_PRODUCTS_DIR; };
		F088C5990383D19FE4ED92C1 /* Pods-Linke.debug.xcconfig */ = {isa = PBXFileReference; includeInIndex = 1; lastKnownFileType = text.xcconfig; name = "Pods-Linke.debug.xcconfig"; path = "Target Support Files/Pods-Linke/Pods-Linke.debug.xcconfig"; sourceTree = "<group>"; };
/* End PBXFileReference section */

/* Begin PBXFrameworksBuildPhase section */
		0BD150E12940485400256154 /* Frameworks */ = {
			isa = PBXFrameworksBuildPhase;
			buildActionMask = 2147483647;
			files = (
				CA7DDE6D54A9E36332B4211E /* libPods-Linke.a in Frameworks */,
			);
			runOnlyForDeploymentPostprocessing = 0;
		};
/* End PBXFrameworksBuildPhase section */

/* Begin PBXGroup section */
		0BD150DB2940485400256154 = {
			isa = PBXGroup;
			children = (
				0BD150E62940485400256154 /* Linke */,
				0BD150E52940485400256154 /* Products */,
				93CF1B62B70CE96349E6710F /* Pods */,
				142F5764C5794AD6DA722635 /* Frameworks */,
			);
			sourceTree = "<group>";
		};
		0BD150E52940485400256154 /* Products */ = {
			isa = PBXGroup;
			children = (
				0BD150E42940485400256154 /* Linke.app */,
			);
			name = Products;
			sourceTree = "<group>";
		};
		0BD150E62940485400256154 /* Linke */ = {
			isa = PBXGroup;
			children = (
				0BD151012940701A00256154 /* Views */,
				0BD1510029406FDC00256154 /* Info.plist */,
				0BD150F5294059BD00256154 /* API */,
				0BD150E72940485400256154 /* LinkeApp.swift */,
				0BD150FC29406C0C00256154 /* ViewRouter.swift */,
				0BD150EB2940485700256154 /* Assets.xcassets */,
				0BD150ED2940485700256154 /* Preview Content */,
			);
			path = Linke;
			sourceTree = "<group>";
		};
		0BD150ED2940485700256154 /* Preview Content */ = {
			isa = PBXGroup;
			children = (
				0BD150EE2940485700256154 /* Preview Assets.xcassets */,
			);
			path = "Preview Content";
			sourceTree = "<group>";
		};
		0BD150F5294059BD00256154 /* API */ = {
			isa = PBXGroup;
			children = (
				0BD151042940820A00256154 /* ClassroomAPI.swift */,
				0BBDBB3B2941752F00EB94C6 /* Classroom.swift */,
				0BD7D41F29431B11000393A5 /* Assignment.swift */,
			);
			path = API;
			sourceTree = "<group>";
		};
		0BD151012940701A00256154 /* Views */ = {
			isa = PBXGroup;
			children = (
				0BD150E92940485400256154 /* ContentView.swift */,
				0BD150FA29406B9D00256154 /* GoogleSignInView.swift */,
				0BD150FE29406C6400256154 /* ReminderAccessView.swift */,
				0BD151022940739E00256154 /* HomeView.swift */,
				0B229F81296D3411005DECC1 /* HiddenClassroomView.swift */,
				0B229F83296D3A32005DECC1 /* HiddenAssignmentView.swift */,
				0BD7D4212944449F000393A5 /* ClassroomView.swift */,
				0B229F85296D3DDB005DECC1 /* LoadingView.swift */,
				0B2BEBD2297F89A700E19E3B /* GoogleBannerAdView.swift */,
			);
			path = Views;
			sourceTree = "<group>";
		};
		142F5764C5794AD6DA722635 /* Frameworks */ = {
			isa = PBXGroup;
			children = (
				0B229F69296D1F67005DECC1 /* WidgetKit.framework */,
				0B229F6B296D1F67005DECC1 /* SwiftUI.framework */,
				EB452289B1D264AADDF6BE08 /* libPods-Linke.a */,
			);
			name = Frameworks;
			sourceTree = "<group>";
		};
		93CF1B62B70CE96349E6710F /* Pods */ = {
			isa = PBXGroup;
			children = (
				0C385047D38C5108BCEBB58F /* Pods-Linker.debug.xcconfig */,
				A41E2733CAF317B060BC406E /* Pods-Linker.release.xcconfig */,
				F088C5990383D19FE4ED92C1 /* Pods-Linke.debug.xcconfig */,
				4C9FB0EC32096DA4D8305673 /* Pods-Linke.release.xcconfig */,
			);
			path = Pods;
			sourceTree = "<group>";
		};
/* End PBXGroup section */

/* Begin PBXNativeTarget section */
		0BD150E32940485400256154 /* Linke */ = {
			isa = PBXNativeTarget;
			buildConfigurationList = 0BD150F22940485700256154 /* Build configuration list for PBXNativeTarget "Linke" */;
			buildPhases = (
				BAF67F059AFB04CD344BC693 /* [CP] Check Pods Manifest.lock */,
				0BD150E02940485400256154 /* Sources */,
				0BD150E12940485400256154 /* Frameworks */,
				0BD150E22940485400256154 /* Resources */,
				B9D567BD2D85793F3E6D68BA /* [CP] Copy Pods Resources */,
				0B229F7D296D1F69005DECC1 /* Embed Foundation Extensions */,
			);
			buildRules = (
			);
			dependencies = (
			);
			name = Linke;
			productName = Linker;
			productReference = 0BD150E42940485400256154 /* Linke.app */;
			productType = "com.apple.product-type.application";
		};
/* End PBXNativeTarget section */

/* Begin PBXProject section */
		0BD150DC2940485400256154 /* Project object */ = {
			isa = PBXProject;
			attributes = {
				BuildIndependentTargetsInParallel = 1;
				LastSwiftUpdateCheck = 1410;
				LastUpgradeCheck = 1410;
				TargetAttributes = {
					0BD150E32940485400256154 = {
						CreatedOnToolsVersion = 14.1;
					};
				};
			};
			buildConfigurationList = 0BD150DF2940485400256154 /* Build configuration list for PBXProject "Linke" */;
			compatibilityVersion = "Xcode 14.0";
			developmentRegion = en;
			hasScannedForEncodings = 0;
			knownRegions = (
				en,
				Base,
			);
			mainGroup = 0BD150DB2940485400256154;
			productRefGroup = 0BD150E52940485400256154 /* Products */;
			projectDirPath = "";
			projectRoot = "";
			targets = (
				0BD150E32940485400256154 /* Linke */,
			);
		};
/* End PBXProject section */

/* Begin PBXResourcesBuildPhase section */
		0BD150E22940485400256154 /* Resources */ = {
			isa = PBXResourcesBuildPhase;
			buildActionMask = 2147483647;
			files = (
				0BD150EF2940485700256154 /* Preview Assets.xcassets in Resources */,
				0BD150EC2940485700256154 /* Assets.xcassets in Resources */,
			);
			runOnlyForDeploymentPostprocessing = 0;
		};
/* End PBXResourcesBuildPhase section */

/* Begin PBXShellScriptBuildPhase section */
		B9D567BD2D85793F3E6D68BA /* [CP] Copy Pods Resources */ = {
			isa = PBXShellScriptBuildPhase;
			buildActionMask = 2147483647;
			files = (
			);
			inputFileListPaths = (
				"${PODS_ROOT}/Target Support Files/Pods-Linke/Pods-Linke-resources-${CONFIGURATION}-input-files.xcfilelist",
			);
			name = "[CP] Copy Pods Resources";
			outputFileListPaths = (
				"${PODS_ROOT}/Target Support Files/Pods-Linke/Pods-Linke-resources-${CONFIGURATION}-output-files.xcfilelist",
			);
			runOnlyForDeploymentPostprocessing = 0;
			shellPath = /bin/sh;
			shellScript = "\"${PODS_ROOT}/Target Support Files/Pods-Linke/Pods-Linke-resources.sh\"\n";
			showEnvVarsInLog = 0;
		};
		BAF67F059AFB04CD344BC693 /* [CP] Check Pods Manifest.lock */ = {
			isa = PBXShellScriptBuildPhase;
			buildActionMask = 2147483647;
			files = (
			);
			inputFileListPaths = (
			);
			inputPaths = (
				"${PODS_PODFILE_DIR_PATH}/Podfile.lock",
				"${PODS_ROOT}/Manifest.lock",
			);
			name = "[CP] Check Pods Manifest.lock";
			outputFileListPaths = (
			);
			outputPaths = (
				"$(DERIVED_FILE_DIR)/Pods-Linke-checkManifestLockResult.txt",
			);
			runOnlyForDeploymentPostprocessing = 0;
			shellPath = /bin/sh;
			shellScript = "diff \"${PODS_PODFILE_DIR_PATH}/Podfile.lock\" \"${PODS_ROOT}/Manifest.lock\" > /dev/null\nif [ $? != 0 ] ; then\n    # print error to STDERR\n    echo \"error: The sandbox is not in sync with the Podfile.lock. Run 'pod install' or update your CocoaPods installation.\" >&2\n    exit 1\nfi\n# This output is used by Xcode 'outputs' to avoid re-running this script phase.\necho \"SUCCESS\" > \"${SCRIPT_OUTPUT_FILE_0}\"\n";
			showEnvVarsInLog = 0;
		};
/* End PBXShellScriptBuildPhase section */

/* Begin PBXSourcesBuildPhase section */
		0BD150E02940485400256154 /* Sources */ = {
			isa = PBXSourcesBuildPhase;
			buildActionMask = 2147483647;
			files = (
				0BD7D42029431B11000393A5 /* Assignment.swift in Sources */,
				0BD150FD29406C0C00256154 /* ViewRouter.swift in Sources */,
				0BD151032940739E00256154 /* HomeView.swift in Sources */,
				0BD150FB29406B9D00256154 /* GoogleSignInView.swift in Sources */,
				0BD150FF29406C6400256154 /* ReminderAccessView.swift in Sources */,
				0B229F84296D3A32005DECC1 /* HiddenAssignmentView.swift in Sources */,
				0BD150EA2940485400256154 /* ContentView.swift in Sources */,
				0B229F82296D3411005DECC1 /* HiddenClassroomView.swift in Sources */,
				0BBDBB3C2941752F00EB94C6 /* Classroom.swift in Sources */,
				0BD7D4222944449F000393A5 /* ClassroomView.swift in Sources */,
				0B2BEBD3297F89A700E19E3B /* GoogleBannerAdView.swift in Sources */,
				0BD151052940820A00256154 /* ClassroomAPI.swift in Sources */,
				0B229F86296D3DDB005DECC1 /* LoadingView.swift in Sources */,
				0BD150E82940485400256154 /* LinkeApp.swift in Sources */,
			);
			runOnlyForDeploymentPostprocessing = 0;
		};
/* End PBXSourcesBuildPhase section */

/* Begin XCBuildConfiguration section */
		0BD150F02940485700256154 /* Debug */ = {
			isa = XCBuildConfiguration;
			buildSettings = {
				ALWAYS_SEARCH_USER_PATHS = NO;
				CLANG_ANALYZER_NONNULL = YES;
				CLANG_ANALYZER_NUMBER_OBJECT_CONVERSION = YES_AGGRESSIVE;
				CLANG_CXX_LANGUAGE_STANDARD = "gnu++20";
				CLANG_ENABLE_MODULES = YES;
				CLANG_ENABLE_OBJC_ARC = YES;
				CLANG_ENABLE_OBJC_WEAK = YES;
				CLANG_WARN_BLOCK_CAPTURE_AUTORELEASING = YES;
				CLANG_WARN_BOOL_CONVERSION = YES;
				CLANG_WARN_COMMA = YES;
				CLANG_WARN_CONSTANT_CONVERSION = YES;
				CLANG_WARN_DEPRECATED_OBJC_IMPLEMENTATIONS = YES;
				CLANG_WARN_DIRECT_OBJC_ISA_USAGE = YES_ERROR;
				CLANG_WARN_DOCUMENTATION_COMMENTS = YES;
				CLANG_WARN_EMPTY_BODY = YES;
				CLANG_WARN_ENUM_CONVERSION = YES;
				CLANG_WARN_INFINITE_RECURSION = YES;
				CLANG_WARN_INT_CONVERSION = YES;
				CLANG_WARN_NON_LITERAL_NULL_CONVERSION = YES;
				CLANG_WARN_OBJC_IMPLICIT_RETAIN_SELF = YES;
				CLANG_WARN_OBJC_LITERAL_CONVERSION = YES;
				CLANG_WARN_OBJC_ROOT_CLASS = YES_ERROR;
				CLANG_WARN_QUOTED_INCLUDE_IN_FRAMEWORK_HEADER = YES;
				CLANG_WARN_RANGE_LOOP_ANALYSIS = YES;
				CLANG_WARN_STRICT_PROTOTYPES = YES;
				CLANG_WARN_SUSPICIOUS_MOVE = YES;
				CLANG_WARN_UNGUARDED_AVAILABILITY = YES_AGGRESSIVE;
				CLANG_WARN_UNREACHABLE_CODE = YES;
				CLANG_WARN__DUPLICATE_METHOD_MATCH = YES;
				COPY_PHASE_STRIP = NO;
				DEBUG_INFORMATION_FORMAT = dwarf;
				ENABLE_STRICT_OBJC_MSGSEND = YES;
				ENABLE_TESTABILITY = YES;
				GCC_C_LANGUAGE_STANDARD = gnu11;
				GCC_DYNAMIC_NO_PIC = NO;
				GCC_NO_COMMON_BLOCKS = YES;
				GCC_OPTIMIZATION_LEVEL = 0;
				GCC_PREPROCESSOR_DEFINITIONS = (
					"DEBUG=1",
					"$(inherited)",
				);
				GCC_WARN_64_TO_32_BIT_CONVERSION = YES;
				GCC_WARN_ABOUT_RETURN_TYPE = YES_ERROR;
				GCC_WARN_UNDECLARED_SELECTOR = YES;
				GCC_WARN_UNINITIALIZED_AUTOS = YES_AGGRESSIVE;
				GCC_WARN_UNUSED_FUNCTION = YES;
				GCC_WARN_UNUSED_VARIABLE = YES;
				IPHONEOS_DEPLOYMENT_TARGET = 16.1;
				MTL_ENABLE_DEBUG_INFO = INCLUDE_SOURCE;
				MTL_FAST_MATH = YES;
				ONLY_ACTIVE_ARCH = YES;
				SDKROOT = iphoneos;
				SWIFT_ACTIVE_COMPILATION_CONDITIONS = DEBUG;
				SWIFT_OPTIMIZATION_LEVEL = "-Onone";
			};
			name = Debug;
		};
		0BD150F12940485700256154 /* Release */ = {
			isa = XCBuildConfiguration;
			buildSettings = {
				ALWAYS_SEARCH_USER_PATHS = NO;
				CLANG_ANALYZER_NONNULL = YES;
				CLANG_ANALYZER_NUMBER_OBJECT_CONVERSION = YES_AGGRESSIVE;
				CLANG_CXX_LANGUAGE_STANDARD = "gnu++20";
				CLANG_ENABLE_MODULES = YES;
				CLANG_ENABLE_OBJC_ARC = YES;
				CLANG_ENABLE_OBJC_WEAK = YES;
				CLANG_WARN_BLOCK_CAPTURE_AUTORELEASING = YES;
				CLANG_WARN_BOOL_CONVERSION = YES;
				CLANG_WARN_COMMA = YES;
				CLANG_WARN_CONSTANT_CONVERSION = YES;
				CLANG_WARN_DEPRECATED_OBJC_IMPLEMENTATIONS = YES;
				CLANG_WARN_DIRECT_OBJC_ISA_USAGE = YES_ERROR;
				CLANG_WARN_DOCUMENTATION_COMMENTS = YES;
				CLANG_WARN_EMPTY_BODY = YES;
				CLANG_WARN_ENUM_CONVERSION = YES;
				CLANG_WARN_INFINITE_RECURSION = YES;
				CLANG_WARN_INT_CONVERSION = YES;
				CLANG_WARN_NON_LITERAL_NULL_CONVERSION = YES;
				CLANG_WARN_OBJC_IMPLICIT_RETAIN_SELF = YES;
				CLANG_WARN_OBJC_LITERAL_CONVERSION = YES;
				CLANG_WARN_OBJC_ROOT_CLASS = YES_ERROR;
				CLANG_WARN_QUOTED_INCLUDE_IN_FRAMEWORK_HEADER = YES;
				CLANG_WARN_RANGE_LOOP_ANALYSIS = YES;
				CLANG_WARN_STRICT_PROTOTYPES = YES;
				CLANG_WARN_SUSPICIOUS_MOVE = YES;
				CLANG_WARN_UNGUARDED_AVAILABILITY = YES_AGGRESSIVE;
				CLANG_WARN_UNREACHABLE_CODE = YES;
				CLANG_WARN__DUPLICATE_METHOD_MATCH = YES;
				COPY_PHASE_STRIP = NO;
				DEBUG_INFORMATION_FORMAT = "dwarf-with-dsym";
				ENABLE_NS_ASSERTIONS = NO;
				ENABLE_STRICT_OBJC_MSGSEND = YES;
				GCC_C_LANGUAGE_STANDARD = gnu11;
				GCC_NO_COMMON_BLOCKS = YES;
				GCC_WARN_64_TO_32_BIT_CONVERSION = YES;
				GCC_WARN_ABOUT_RETURN_TYPE = YES_ERROR;
				GCC_WARN_UNDECLARED_SELECTOR = YES;
				GCC_WARN_UNINITIALIZED_AUTOS = YES_AGGRESSIVE;
				GCC_WARN_UNUSED_FUNCTION = YES;
				GCC_WARN_UNUSED_VARIABLE = YES;
				IPHONEOS_DEPLOYMENT_TARGET = 16.1;
				MTL_ENABLE_DEBUG_INFO = NO;
				MTL_FAST_MATH = YES;
				SDKROOT = iphoneos;
				SWIFT_COMPILATION_MODE = wholemodule;
				SWIFT_OPTIMIZATION_LEVEL = "-O";
				VALIDATE_PRODUCT = YES;
			};
			name = Release;
		};
		0BD150F32940485700256154 /* Debug */ = {
			isa = XCBuildConfiguration;
			baseConfigurationReference = F088C5990383D19FE4ED92C1 /* Pods-Linke.debug.xcconfig */;
			buildSettings = {
				ASSETCATALOG_COMPILER_APPICON_NAME = AppIcon;
				ASSETCATALOG_COMPILER_GLOBAL_ACCENT_COLOR_NAME = AccentColor;
				ASSETCATALOG_COMPILER_INCLUDE_ALL_APPICON_ASSETS = YES;
				CODE_SIGN_STYLE = Automatic;
				CURRENT_PROJECT_VERSION = 1;
				DEVELOPMENT_ASSET_PATHS = "\"Linke/Preview Content\"";
				DEVELOPMENT_TEAM = 9RC5A2595F;
				ENABLE_PREVIEWS = YES;
				GENERATE_INFOPLIST_FILE = YES;
				INFOPLIST_FILE = Linke/Info.plist;
				INFOPLIST_KEY_NSCalendarsUsageDescription = "To check for existing reminders";
				INFOPLIST_KEY_NSRemindersUsageDescription = "To add and remove reminders";
				INFOPLIST_KEY_UIApplicationSceneManifest_Generation = YES;
				INFOPLIST_KEY_UIApplicationSupportsIndirectInputEvents = YES;
				INFOPLIST_KEY_UILaunchScreen_Generation = YES;
				INFOPLIST_KEY_UIRequiresFullScreen = YES;
				INFOPLIST_KEY_UIStatusBarStyle = "";
				INFOPLIST_KEY_UISupportedInterfaceOrientations = "UIInterfaceOrientationPortrait UIInterfaceOrientationPortraitUpsideDown";
				IPHONEOS_DEPLOYMENT_TARGET = 16.0;
				LD_RUNPATH_SEARCH_PATHS = (
					"$(inherited)",
					"@executable_path/Frameworks",
				);
				MARKETING_VERSION = 1.1;
				PRODUCT_BUNDLE_IDENTIFIER = com.hanyiliu.Linke;
				PRODUCT_NAME = "$(TARGET_NAME)";
				SWIFT_EMIT_LOC_STRINGS = YES;
				SWIFT_VERSION = 5.0;
				TARGETED_DEVICE_FAMILY = "1,2";
			};
			name = Debug;
		};
		0BD150F42940485700256154 /* Release */ = {
			isa = XCBuildConfiguration;
			baseConfigurationReference = 4C9FB0EC32096DA4D8305673 /* Pods-Linke.release.xcconfig */;
			buildSettings = {
				ASSETCATALOG_COMPILER_APPICON_NAME = AppIcon;
				ASSETCATALOG_COMPILER_GLOBAL_ACCENT_COLOR_NAME = AccentColor;
				ASSETCATALOG_COMPILER_INCLUDE_ALL_APPICON_ASSETS = YES;
				CODE_SIGN_STYLE = Automatic;
				CURRENT_PROJECT_VERSION = 1;
				DEVELOPMENT_ASSET_PATHS = "\"Linke/Preview Content\"";
				DEVELOPMENT_TEAM = 9RC5A2595F;
				ENABLE_PREVIEWS = YES;
				GENERATE_INFOPLIST_FILE = YES;
				INFOPLIST_FILE = Linke/Info.plist;
				INFOPLIST_KEY_NSCalendarsUsageDescription = "To check for existing reminders";
				INFOPLIST_KEY_NSRemindersUsageDescription = "To add and remove reminders";
				INFOPLIST_KEY_UIApplicationSceneManifest_Generation = YES;
				INFOPLIST_KEY_UIApplicationSupportsIndirectInputEvents = YES;
				INFOPLIST_KEY_UILaunchScreen_Generation = YES;
				INFOPLIST_KEY_UIRequiresFullScreen = YES;
				INFOPLIST_KEY_UIStatusBarStyle = "";
				INFOPLIST_KEY_UISupportedInterfaceOrientations = "UIInterfaceOrientationPortrait UIInterfaceOrientationPortraitUpsideDown";
				IPHONEOS_DEPLOYMENT_TARGET = 16.0;
				LD_RUNPATH_SEARCH_PATHS = (
					"$(inherited)",
					"@executable_path/Frameworks",
				);
				MARKETING_VERSION = 1.1;
				PRODUCT_BUNDLE_IDENTIFIER = com.hanyiliu.Linke;
				PRODUCT_NAME = "$(TARGET_NAME)";
				SWIFT_EMIT_LOC_STRINGS = YES;
				SWIFT_VERSION = 5.0;
				TARGETED_DEVICE_FAMILY = "1,2";
			};
			name = Release;
		};
/* End XCBuildConfiguration section */

/* Begin XCConfigurationList section */
		0BD150DF2940485400256154 /* Build configuration list for PBXProject "Linke" */ = {
			isa = XCConfigurationList;
			buildConfigurations = (
				0BD150F02940485700256154 /* Debug */,
				0BD150F12940485700256154 /* Release */,
			);
			defaultConfigurationIsVisible = 0;
			defaultConfigurationName = Release;
		};
		0BD150F22940485700256154 /* Build configuration list for PBXNativeTarget "Linke" */ = {
			isa = XCConfigurationList;
			buildConfigurations = (
				0BD150F32940485700256154 /* Debug */,
				0BD150F42940485700256154 /* Release */,
			);
			defaultConfigurationIsVisible = 0;
			defaultConfigurationName = Release;
		};
/* End XCConfigurationList section */
	};
	rootObject = 0BD150DC2940485400256154 /* Project object */;
}
